{
    "_meta": {
        "hash": {
            "sha256": "5d77f3a67843194b9928644b1cc645fc1e905ec6654be2531eb9d0e0dc70a259"
        },
        "pipfile-spec": 6,
        "requires": {
            "python_version": "3.7"
        },
        "sources": [
            {
                "name": "pypi",
                "url": "https://pypi.org/simple",
                "verify_ssl": true
            }
        ]
    },
    "default": {
        "deuces": {
            "hashes": [
                "sha256:f295d069a53dd67f886cf3a733f1cf5e1486679a1ca5f1147b1f07db887af0c7"
            ],
            "index": "pypi",
            "version": "==0.2"
        },
        "treys": {
            "hashes": [
                "sha256:5e37886499b039a8fc536b7dcedbcee6fbf057bb83576cea7e214810e0eb7145",
                "sha256:98a3511546cb00a7852a5114ba0754159dfa191a7b8a03fa52564933fbff7d25"
            ],
            "index": "pypi",
            "version": "==0.1.3"
        }
    },
    "develop": {}
}
